<?xml version="1.0" encoding="utf-8"?>
<Project ToolsVersion="4.0" xmlns="http://schemas.microsoft.com/developer/msbuild/2003">
  <ItemGroup>
    <Filter Include="Source Files">
      <UniqueIdentifier>{4FC737F1-C7A5-4376-A066-2A32D752A2FF}</UniqueIdentifier>
      <Extensions>cpp;c;cc;cxx;def;odl;idl;hpj;bat;asm;asmx</Extensions>
    </Filter>
    <Filter Include="Header Files">
      <UniqueIdentifier>{93995380-89BD-4b04-88EB-625FBE52EBFB}</UniqueIdentifier>
      <Extensions>h;hh;hpp;hxx;hm;inl;inc;ipp;xsd</Extensions>
    </Filter>
    <Filter Include="Resource Files">
      <UniqueIdentifier>{67DA6AB6-F800-4c08-8B7A-83BB121AAD01}</UniqueIdentifier>
      <Extensions>rc;ico;cur;bmp;dlg;rc2;rct;bin;rgs;gif;jpg;jpeg;jpe;resx;tiff;tif;png;wav;mfcribbon-ms</Extensions>
    </Filter>
  </ItemGroup>
  <ItemGroup>
    <ClCompile Include="CCard.cpp">
      <Filter>Source Files</Filter>
    </ClCompile>
    <ClCompile Include="CDeck.cpp">
      <Filter>Source Files</Filter>
    </ClCompile>
    <ClCompile Include="CSpell.cpp">
      <Filter>Source Files</Filter>
    </ClCompile>
    <ClCompile Include="CMinion.cpp">
      <Filter>Source Files</Filter>
    </ClCompile>
    <ClCompile Include="CPlayer.cpp">
      <Filter>Source Files</Filter>
    </ClCompile>
    <ClCompile Include="CGame.cpp">
      <Filter>Source Files</Filter>
    </ClCompile>
    <ClCompile Include="CFireball.cpp">
      <Filter>Source Files</Filter>
    </ClCompile>
    <ClCompile Include="CLightning.cpp">
      <Filter>Source Files</Filter>
    </ClCompile>
    <ClCompile Include="CBless.cpp">
      <Filter>Source Files</Filter>
    </ClCompile>
    <ClCompile Include="CVampire.cpp">
      <Filter>Source Files</Filter>
    </ClCompile>
    <ClCompile Include="CWall.cpp">
      <Filter>Source Files</Filter>
    </ClCompile>
    <ClCompile Include="CHorde.cpp">
      <Filter>Source Files</Filter>
    </ClCompile>
    <ClCompile Include="CLeech.cpp">
      <Filter>Source Files</Filter>
    </ClCompile>
    <ClCompile Include="CTrample.cpp">
      <Filter>Source Files</Filter>
    </ClCompile>
    <ClCompile Include="CEquipment.cpp">
      <Filter>Source Files</Filter>
    </ClCompile>
    <ClCompile Include="CSword.cpp">
      <Filter>Source Files</Filter>
    </ClCompile>
    <ClCompile Include="CArmour.cpp">
      <Filter>Source Files</Filter>
    </ClCompile>
    <ClCompile Include="CBasicMinion.cpp">
      <Filter>Source Files</Filter>
    </ClCompile>
  </ItemGroup>
  <ItemGroup>
    <ClInclude Include="CCard.h">
      <Filter>Header Files</Filter>
    </ClInclude>
    <ClInclude Include="CDeck.h">
      <Filter>Header Files</Filter>
    </ClInclude>
    <ClInclude Include="CSpell.h">
      <Filter>Header Files</Filter>
    </ClInclude>
    <ClInclude Include="CMinion.h">
      <Filter>Header Files</Filter>
    </ClInclude>
    <ClInclude Include="CPlayer.h">
      <Filter>Header Files</Filter>
    </ClInclude>
    <ClInclude Include="CGame.h">
      <Filter>Header Files</Filter>
    </ClInclude>
    <ClInclude Include="CFireball.h">
      <Filter>Header Files</Filter>
    </ClInclude>
    <ClInclude Include="CLightning.h">
      <Filter>Header Files</Filter>
    </ClInclude>
    <ClInclude Include="CBless.h">
      <Filter>Header Files</Filter>
    </ClInclude>
    <ClInclude Include="CVampire.h">
      <Filter>Header Files</Filter>
    </ClInclude>
    <ClInclude Include="CWall.h">
      <Filter>Header Files</Filter>
    </ClInclude>
    <ClInclude Include="CHorde.h">
      <Filter>Header Files</Filter>
    </ClInclude>
    <ClInclude Include="CLeech.h">
      <Filter>Header Files</Filter>
    </ClInclude>
    <ClInclude Include="CTrample.h">
      <Filter>Header Files</Filter>
    </ClInclude>
    <ClInclude Include="CEquipment.h">
      <Filter>Header Files</Filter>
    </ClInclude>
    <ClInclude Include="CSword.h">
      <Filter>Header Files</Filter>
    </ClInclude>
    <ClInclude Include="CArmour.h">
      <Filter>Header Files</Filter>
    </ClInclude>
    <ClInclude Include="CBasicMinion.h">
      <Filter>Header Files</Filter>
    </ClInclude>
  </ItemGroup>
</Project>